# THIS IS AN AUTOGENERATED FILE. DO NOT EDIT THIS FILE DIRECTLY.
# yarn lockfile v1


electron-positioner@^3.0.0:
  version "3.0.0"
  resolved "https://registry.yarnpkg.com/electron-positioner/-/electron-positioner-3.0.0.tgz#1a3b75c9cc1e29dd37c663b23fd876d4ffab9996"

extend@^2.0.0:
  version "2.0.1"
  resolved "https://registry.yarnpkg.com/extend/-/extend-2.0.1.tgz#1ee8010689e7395ff9448241c98652bc759a8260"

menubar@^5.2.3:
  version "5.2.3"
  resolved "https://registry.yarnpkg.com/menubar/-/menubar-5.2.3.tgz#8f2761597b4a0ee87edf04a87d8aab1aac2c44e9"
  dependencies:
    electron-positioner "^3.0.0"
    extend "^2.0.0"

vue-electron@^1.0.6:
  version "1.0.6"
  resolved "https://registry.yarnpkg.com/vue-electron/-/vue-electron-1.0.6.tgz#e798e03180b8933539defe31f92e53b9242b9406"

vue@^2.1.10:
  version "2.1.10"
  resolved "https://registry.yarnpkg.com/vue/-/vue-2.1.10.tgz#c9235ca48c7925137be5807832ac4e3ac180427b"
